
Microsoft Visual Studio Solution File, Format Version 12.00
# Visual Studio Version 17
VisualStudioVersion = 17.8.34601.278
MinimumVisualStudioVersion = 10.0.40219.1
Project("{FAE04EC0-301F-11D3-BF4B-00C04F79EFBC}") = "HangFire.API", "HangFire\HangFire.API.csproj", "{C09A350B-7985-4E05-8E4F-8724E40B7986}"
EndProject
Project("{FAE04EC0-301F-11D3-BF4B-00C04F79EFBC}") = "HangFire.Application", "HangFire.Application\HangFire.Application.csproj", "{8FC097AD-F70B-405C-8650-A61D07CD72C1}"
EndProject
Project("{FAE04EC0-301F-11D3-BF4B-00C04F79EFBC}") = "HangFire.Data", "HangFire.Data\HangFire.Data.csproj", "{5172A312-615C-4323-B43F-A1324877279A}"
EndProject
Global
	GlobalSection(SolutionConfigurationPlatforms) = preSolution
		Debug|Any CPU = Debug|Any CPU
		Release|Any CPU = Release|Any CPU
	EndGlobalSection
	GlobalSection(ProjectConfigurationPlatforms) = postSolution
		{C09A350B-7985-4E05-8E4F-8724E40B7986}.Debug|Any CPU.ActiveCfg = Debug|Any CPU
		{C09A350B-7985-4E05-8E4F-8724E40B7986}.Debug|Any CPU.Build.0 = Debug|Any CPU
		{C09A350B-7985-4E05-8E4F-8724E40B7986}.Release|Any CPU.ActiveCfg = Release|Any CPU
		{C09A350B-7985-4E05-8E4F-8724E40B7986}.Release|Any CPU.Build.0 = Release|Any CPU
		{8FC097AD-F70B-405C-8650-A61D07CD72C1}.Debug|Any CPU.ActiveCfg = Debug|Any CPU
		{8FC097AD-F70B-405C-8650-A61D07CD72C1}.Debug|Any CPU.Build.0 = Debug|Any CPU
		{8FC097AD-F70B-405C-8650-A61D07CD72C1}.Release|Any CPU.ActiveCfg = Release|Any CPU
		{8FC097AD-F70B-405C-8650-A61D07CD72C1}.Release|Any CPU.Build.0 = Release|Any CPU
		{5172A312-615C-4323-B43F-A1324877279A}.Debug|Any CPU.ActiveCfg = Debug|Any CPU
		{5172A312-615C-4323-B43F-A1324877279A}.Debug|Any CPU.Build.0 = Debug|Any CPU
		{5172A312-615C-4323-B43F-A1324877279A}.Release|Any CPU.ActiveCfg = Release|Any CPU
		{5172A312-615C-4323-B43F-A1324877279A}.Release|Any CPU.Build.0 = Release|Any CPU
	EndGlobalSection
	GlobalSection(SolutionProperties) = preSolution
		HideSolutionNode = FALSE
	EndGlobalSection
	GlobalSection(ExtensibilityGlobals) = postSolution
		SolutionGuid = {7EBE46B9-7CE7-4D3A-B0A7-39C42ADD5449}
	EndGlobalSection
EndGlobal
